{
  "name": "GoDelivery",
  "lockfileVersion": 3,
  "requires": true,
  "packages": {
    "": {
      "dependencies": {
        "@capacitor/toast": "^5.0.6"
      }
    },
    "node_modules/@capacitor/core": {
      "version": "5.3.0",
      "resolved": "https://registry.npmjs.org/@capacitor/core/-/core-5.3.0.tgz",
      "integrity": "sha512-mvhh1yJtcUTZ0hUUriBKKpxq47hn75bjxH3tYPRgAFu1z3gowCg+OtG4Rce3W5gr5fSfCjQgOSL0Vp7k9hPUWw==",
      "peer": true,
      "dependencies": {
        "tslib": "^2.1.0"
      }
    },
    "node_modules/@capacitor/toast": {
      "version": "5.0.6",
      "resolved": "https://registry.npmjs.org/@capacitor/toast/-/toast-5.0.6.tgz",
      "integrity": "sha512-djkRHVT8YtLJC1vvOnDU3EfAHfQYqAD7LYEXmSmhYuTnXRIggX93m/NkazwLnnpr95kDbs2VVPM/J6dqqYuJng==",
      "peerDependencies": {
        "@capacitor/core": "^5.0.0"
      }
    },
    "node_modules/tslib": {
      "version": "2.6.2",
      "resolved": "https://registry.npmjs.org/tslib/-/tslib-2.6.2.tgz",
      "integrity": "sha512-AEYxH93jGFPn/a2iVAwW87VuUIkR1FVUKB77NwMF7nBTDkDrrT/Hpt/IrCJ0QXhW27jTBDcf5ZY7w6RiqTMw2Q==",
      "peer": true
    }
  }
}
